// !$*UTF8*$!
{
	archiveVersion = 1;
	classes = {
	};
	objectVersion = 56;
	objects = {

/* Begin PBXBuildFile section */
		2F8249AB2AE553EB0040BF74 /* AppDelegate.swift in Sources */ = {isa = PBXBuildFile; fileRef = 2F8249AA2AE553EB0040BF74 /* AppDelegate.swift */; };
		2F8249AD2AE553EB0040BF74 /* SceneDelegate.swift in Sources */ = {isa = PBXBuildFile; fileRef = 2F8249AC2AE553EB0040BF74 /* SceneDelegate.swift */; };
		2F8249AF2AE553EB0040BF74 /* ViewController.swift in Sources */ = {isa = PBXBuildFile; fileRef = 2F8249AE2AE553EB0040BF74 /* ViewController.swift */; };
		2F8249B22AE553EB0040BF74 /* Main.storyboard in Resources */ = {isa = PBXBuildFile; fileRef = 2F8249B02AE553EB0040BF74 /* Main.storyboard */; };
		2F8249B52AE553EB0040BF74 /* Berita_Indo_CNN.xcdatamodeld in Sources */ = {isa = PBXBuildFile; fileRef = 2F8249B32AE553EB0040BF74 /* Berita_Indo_CNN.xcdatamodeld */; };
		2F8249B72AE553EC0040BF74 /* Assets.xcassets in Resources */ = {isa = PBXBuildFile; fileRef = 2F8249B62AE553EC0040BF74 /* Assets.xcassets */; };
		2F8249BA2AE553EC0040BF74 /* LaunchScreen.storyboard in Resources */ = {isa = PBXBuildFile; fileRef = 2F8249B82AE553EC0040BF74 /* LaunchScreen.storyboard */; };
		2F8249C52AE553EC0040BF74 /* Berita_Indo_CNNTests.swift in Sources */ = {isa = PBXBuildFile; fileRef = 2F8249C42AE553EC0040BF74 /* Berita_Indo_CNNTests.swift */; };
		2F8249CF2AE553EC0040BF74 /* Berita_Indo_CNNUITests.swift in Sources */ = {isa = PBXBuildFile; fileRef = 2F8249CE2AE553EC0040BF74 /* Berita_Indo_CNNUITests.swift */; };
		2F8249D12AE553EC0040BF74 /* Berita_Indo_CNNUITestsLaunchTests.swift in Sources */ = {isa = PBXBuildFile; fileRef = 2F8249D02AE553EC0040BF74 /* Berita_Indo_CNNUITestsLaunchTests.swift */; };
		2F8249E12AE5542A0040BF74 /* Home.storyboard in Resources */ = {isa = PBXBuildFile; fileRef = 2F8249E02AE5542A0040BF74 /* Home.storyboard */; };
		2F8249E32AE554380040BF74 /* HomeViewController.swift in Sources */ = {isa = PBXBuildFile; fileRef = 2F8249E22AE554380040BF74 /* HomeViewController.swift */; };
		2F8249E52AE568140040BF74 /* NewsResponse.swift in Sources */ = {isa = PBXBuildFile; fileRef = 2F8249E42AE568140040BF74 /* NewsResponse.swift */; };
		2F8249E72AE5685A0040BF74 /* News.swift in Sources */ = {isa = PBXBuildFile; fileRef = 2F8249E62AE5685A0040BF74 /* News.swift */; };
		2F8249E92AE568B00040BF74 /* Image.swift in Sources */ = {isa = PBXBuildFile; fileRef = 2F8249E82AE568B00040BF74 /* Image.swift */; };
		2F8249EB2AE56DE30040BF74 /* ApiServices.swift in Sources */ = {isa = PBXBuildFile; fileRef = 2F8249EA2AE56DE30040BF74 /* ApiServices.swift */; };
		2F8249EE2AE56E730040BF74 /* Alamofire in Frameworks */ = {isa = PBXBuildFile; productRef = 2F8249ED2AE56E730040BF74 /* Alamofire */; };
		2F8249F02AE57D0D0040BF74 /* HomeViewCell.swift in Sources */ = {isa = PBXBuildFile; fileRef = 2F8249EF2AE57D0D0040BF74 /* HomeViewCell.swift */; };
		2F8249F42AE581970040BF74 /* SDWebImage in Frameworks */ = {isa = PBXBuildFile; productRef = 2F8249F32AE581970040BF74 /* SDWebImage */; };
		2F8249F62AE581970040BF74 /* SDWebImageMapKit in Frameworks */ = {isa = PBXBuildFile; productRef = 2F8249F52AE581970040BF74 /* SDWebImageMapKit */; };
/* End PBXBuildFile section */

/* Begin PBXContainerItemProxy section */
		2F8249C12AE553EC0040BF74 /* PBXContainerItemProxy */ = {
			isa = PBXContainerItemProxy;
			containerPortal = 2F82499F2AE553EB0040BF74 /* Project object */;
			proxyType = 1;
			remoteGlobalIDString = 2F8249A62AE553EB0040BF74;
			remoteInfo = "Berita Indo CNN";
		};
		2F8249CB2AE553EC0040BF74 /* PBXContainerItemProxy */ = {
			isa = PBXContainerItemProxy;
			containerPortal = 2F82499F2AE553EB0040BF74 /* Project object */;
			proxyType = 1;
			remoteGlobalIDString = 2F8249A62AE553EB0040BF74;
			remoteInfo = "Berita Indo CNN";
		};
/* End PBXContainerItemProxy section */

/* Begin PBXFileReference section */
		2F8249A72AE553EB0040BF74 /* Berita Indo CNN.app */ = {isa = PBXFileReference; explicitFileType = wrapper.application; includeInIndex = 0; path = "Berita Indo CNN.app"; sourceTree = BUILT_PRODUCTS_DIR; };
		2F8249AA2AE553EB0040BF74 /* AppDelegate.swift */ = {isa = PBXFileReference; lastKnownFileType = sourcecode.swift; path = AppDelegate.swift; sourceTree = "<group>"; };
		2F8249AC2AE553EB0040BF74 /* SceneDelegate.swift */ = {isa = PBXFileReference; lastKnownFileType = sourcecode.swift; path = SceneDelegate.swift; sourceTree = "<group>"; };
		2F8249AE2AE553EB0040BF74 /* ViewController.swift */ = {isa = PBXFileReference; lastKnownFileType = sourcecode.swift; path = ViewController.swift; sourceTree = "<group>"; };
		2F8249B12AE553EB0040BF74 /* Base */ = {isa = PBXFileReference; lastKnownFileType = file.storyboard; name = Base; path = Base.lproj/Main.storyboard; sourceTree = "<group>"; };
		2F8249B42AE553EB0040BF74 /* Berita_Indo_CNN.xcdatamodel */ = {isa = PBXFileReference; lastKnownFileType = wrapper.xcdatamodel; path = Berita_Indo_CNN.xcdatamodel; sourceTree = "<group>"; };
		2F8249B62AE553EC0040BF74 /* Assets.xcassets */ = {isa = PBXFileReference; lastKnownFileType = folder.assetcatalog; path = Assets.xcassets; sourceTree = "<group>"; };
		2F8249B92AE553EC0040BF74 /* Base */ = {isa = PBXFileReference; lastKnownFileType = file.storyboard; name = Base; path = Base.lproj/LaunchScreen.storyboard; sourceTree = "<group>"; };
		2F8249BB2AE553EC0040BF74 /* Info.plist */ = {isa = PBXFileReference; lastKnownFileType = text.plist.xml; path = Info.plist; sourceTree = "<group>"; };
		2F8249C02AE553EC0040BF74 /* Berita Indo CNNTests.xctest */ = {isa = PBXFileReference; explicitFileType = wrapper.cfbundle; includeInIndex = 0; path = "Berita Indo CNNTests.xctest"; sourceTree = BUILT_PRODUCTS_DIR; };
		2F8249C42AE553EC0040BF74 /* Berita_Indo_CNNTests.swift */ = {isa = PBXFileReference; lastKnownFileType = sourcecode.swift; path = Berita_Indo_CNNTests.swift; sourceTree = "<group>"; };
		2F8249CA2AE553EC0040BF74 /* Berita Indo CNNUITests.xctest */ = {isa = PBXFileReference; explicitFileType = wrapper.cfbundle; includeInIndex = 0; path = "Berita Indo CNNUITests.xctest"; sourceTree = BUILT_PRODUCTS_DIR; };
		2F8249CE2AE553EC0040BF74 /* Berita_Indo_CNNUITests.swift */ = {isa = PBXFileReference; lastKnownFileType = sourcecode.swift; path = Berita_Indo_CNNUITests.swift; sourceTree = "<group>"; };
		2F8249D02AE553EC0040BF74 /* Berita_Indo_CNNUITestsLaunchTests.swift */ = {isa = PBXFileReference; lastKnownFileType = sourcecode.swift; path = Berita_Indo_CNNUITestsLaunchTests.swift; sourceTree = "<group>"; };
		2F8249E02AE5542A0040BF74 /* Home.storyboard */ = {isa = PBXFileReference; lastKnownFileType = file.storyboard; path = Home.storyboard; sourceTree = "<group>"; };
		2F8249E22AE554380040BF74 /* HomeViewController.swift */ = {isa = PBXFileReference; lastKnownFileType = sourcecode.swift; path = HomeViewController.swift; sourceTree = "<group>"; };
		2F8249E42AE568140040BF74 /* NewsResponse.swift */ = {isa = PBXFileReference; lastKnownFileType = sourcecode.swift; path = NewsResponse.swift; sourceTree = "<group>"; };
		2F8249E62AE5685A0040BF74 /* News.swift */ = {isa = PBXFileReference; lastKnownFileType = sourcecode.swift; path = News.swift; sourceTree = "<group>"; };
		2F8249E82AE568B00040BF74 /* Image.swift */ = {isa = PBXFileReference; lastKnownFileType = sourcecode.swift; path = Image.swift; sourceTree = "<group>"; };
		2F8249EA2AE56DE30040BF74 /* ApiServices.swift */ = {isa = PBXFileReference; lastKnownFileType = sourcecode.swift; path = ApiServices.swift; sourceTree = "<group>"; };
		2F8249EF2AE57D0D0040BF74 /* HomeViewCell.swift */ = {isa = PBXFileReference; lastKnownFileType = sourcecode.swift; path = HomeViewCell.swift; sourceTree = "<group>"; };
/* End PBXFileReference section */

/* Begin PBXFrameworksBuildPhase section */
		2F8249A42AE553EB0040BF74 /* Frameworks */ = {
			isa = PBXFrameworksBuildPhase;
			buildActionMask = 2147483647;
			files = (
				2F8249F42AE581970040BF74 /* SDWebImage in Frameworks */,
				2F8249F62AE581970040BF74 /* SDWebImageMapKit in Frameworks */,
				2F8249EE2AE56E730040BF74 /* Alamofire in Frameworks */,
			);
			runOnlyForDeploymentPostprocessing = 0;
		};
		2F8249BD2AE553EC0040BF74 /* Frameworks */ = {
			isa = PBXFrameworksBuildPhase;
			buildActionMask = 2147483647;
			files = (
			);
			runOnlyForDeploymentPostprocessing = 0;
		};
		2F8249C72AE553EC0040BF74 /* Frameworks */ = {
			isa = PBXFrameworksBuildPhase;
			buildActionMask = 2147483647;
			files = (
			);
			runOnlyForDeploymentPostprocessing = 0;
		};
/* End PBXFrameworksBuildPhase section */

/* Begin PBXGroup section */
		2F82499E2AE553EB0040BF74 = {
			isa = PBXGroup;
			children = (
				2F8249A92AE553EB0040BF74 /* Berita Indo CNN */,
				2F8249C32AE553EC0040BF74 /* Berita Indo CNNTests */,
				2F8249CD2AE553EC0040BF74 /* Berita Indo CNNUITests */,
				2F8249A82AE553EB0040BF74 /* Products */,
			);
			sourceTree = "<group>";
		};
		2F8249A82AE553EB0040BF74 /* Products */ = {
			isa = PBXGroup;
			children = (
				2F8249A72AE553EB0040BF74 /* Berita Indo CNN.app */,
				2F8249C02AE553EC0040BF74 /* Berita Indo CNNTests.xctest */,
				2F8249CA2AE553EC0040BF74 /* Berita Indo CNNUITests.xctest */,
			);
			name = Products;
			sourceTree = "<group>";
		};
		2F8249A92AE553EB0040BF74 /* Berita Indo CNN */ = {
			isa = PBXGroup;
			children = (
				2F8249DF2AE5540F0040BF74 /* Services */,
				2F8249DE2AE5540A0040BF74 /* Model */,
				2F8249DD2AE554040040BF74 /* Home */,
				2F8249AA2AE553EB0040BF74 /* AppDelegate.swift */,
				2F8249AC2AE553EB0040BF74 /* SceneDelegate.swift */,
				2F8249AE2AE553EB0040BF74 /* ViewController.swift */,
				2F8249B02AE553EB0040BF74 /* Main.storyboard */,
				2F8249B62AE553EC0040BF74 /* Assets.xcassets */,
				2F8249B82AE553EC0040BF74 /* LaunchScreen.storyboard */,
				2F8249BB2AE553EC0040BF74 /* Info.plist */,
				2F8249B32AE553EB0040BF74 /* Berita_Indo_CNN.xcdatamodeld */,
			);
			path = "Berita Indo CNN";
			sourceTree = "<group>";
		};
		2F8249C32AE553EC0040BF74 /* Berita Indo CNNTests */ = {
			isa = PBXGroup;
			children = (
				2F8249C42AE553EC0040BF74 /* Berita_Indo_CNNTests.swift */,
			);
			path = "Berita Indo CNNTests";
			sourceTree = "<group>";
		};
		2F8249CD2AE553EC0040BF74 /* Berita Indo CNNUITests */ = {
			isa = PBXGroup;
			children = (
				2F8249CE2AE553EC0040BF74 /* Berita_Indo_CNNUITests.swift */,
				2F8249D02AE553EC0040BF74 /* Berita_Indo_CNNUITestsLaunchTests.swift */,
			);
			path = "Berita Indo CNNUITests";
			sourceTree = "<group>";
		};
		2F8249DD2AE554040040BF74 /* Home */ = {
			isa = PBXGroup;
			children = (
				2F8249E02AE5542A0040BF74 /* Home.storyboard */,
				2F8249E22AE554380040BF74 /* HomeViewController.swift */,
				2F8249EF2AE57D0D0040BF74 /* HomeViewCell.swift */,
			);
			path = Home;
			sourceTree = "<group>";
		};
		2F8249DE2AE5540A0040BF74 /* Model */ = {
			isa = PBXGroup;
			children = (
				2F8249E42AE568140040BF74 /* NewsResponse.swift */,
				2F8249E62AE5685A0040BF74 /* News.swift */,
				2F8249E82AE568B00040BF74 /* Image.swift */,
			);
			path = Model;
			sourceTree = "<group>";
		};
		2F8249DF2AE5540F0040BF74 /* Services */ = {
			isa = PBXGroup;
			children = (
				2F8249EA2AE56DE30040BF74 /* ApiServices.swift */,
			);
			path = Services;
			sourceTree = "<group>";
		};
/* End PBXGroup section */

/* Begin PBXNativeTarget section */
		2F8249A62AE553EB0040BF74 /* Berita Indo CNN */ = {
			isa = PBXNativeTarget;
			buildConfigurationList = 2F8249D42AE553EC0040BF74 /* Build configuration list for PBXNativeTarget "Berita Indo CNN" */;
			buildPhases = (
				2F8249A32AE553EB0040BF74 /* Sources */,
				2F8249A42AE553EB0040BF74 /* Frameworks */,
				2F8249A52AE553EB0040BF74 /* Resources */,
			);
			buildRules = (
			);
			dependencies = (
			);
			name = "Berita Indo CNN";
			packageProductDependencies = (
				2F8249ED2AE56E730040BF74 /* Alamofire */,
				2F8249F32AE581970040BF74 /* SDWebImage */,
				2F8249F52AE581970040BF74 /* SDWebImageMapKit */,
			);
			productName = "Berita Indo CNN";
			productReference = 2F8249A72AE553EB0040BF74 /* Berita Indo CNN.app */;
			productType = "com.apple.product-type.application";
		};
		2F8249BF2AE553EC0040BF74 /* Berita Indo CNNTests */ = {
			isa = PBXNativeTarget;
			buildConfigurationList = 2F8249D72AE553EC0040BF74 /* Build configuration list for PBXNativeTarget "Berita Indo CNNTests" */;
			buildPhases = (
				2F8249BC2AE553EC0040BF74 /* Sources */,
				2F8249BD2AE553EC0040BF74 /* Frameworks */,
				2F8249BE2AE553EC0040BF74 /* Resources */,
			);
			buildRules = (
			);
			dependencies = (
				2F8249C22AE553EC0040BF74 /* PBXTargetDependency */,
			);
			name = "Berita Indo CNNTests";
			productName = "Berita Indo CNNTests";
			productReference = 2F8249C02AE553EC0040BF74 /* Berita Indo CNNTests.xctest */;
			productType = "com.apple.product-type.bundle.unit-test";
		};
		2F8249C92AE553EC0040BF74 /* Berita Indo CNNUITests */ = {
			isa = PBXNativeTarget;
			buildConfigurationList = 2F8249DA2AE553EC0040BF74 /* Build configuration list for PBXNativeTarget "Berita Indo CNNUITests" */;
			buildPhases = (
				2F8249C62AE553EC0040BF74 /* Sources */,
				2F8249C72AE553EC0040BF74 /* Frameworks */,
				2F8249C82AE553EC0040BF74 /* Resources */,
			);
			buildRules = (
			);
			dependencies = (
				2F8249CC2AE553EC0040BF74 /* PBXTargetDependency */,
			);
			name = "Berita Indo CNNUITests";
			productName = "Berita Indo CNNUITests";
			productReference = 2F8249CA2AE553EC0040BF74 /* Berita Indo CNNUITests.xctest */;
			productType = "com.apple.product-type.bundle.ui-testing";
		};
/* End PBXNativeTarget section */

/* Begin PBXProject section */
		2F82499F2AE553EB0040BF74 /* Project object */ = {
			isa = PBXProject;
			attributes = {
				BuildIndependentTargetsInParallel = 1;
				LastSwiftUpdateCheck = 1500;
				LastUpgradeCheck = 1500;
				TargetAttributes = {
					2F8249A62AE553EB0040BF74 = {
						CreatedOnToolsVersion = 15.0;
					};
					2F8249BF2AE553EC0040BF74 = {
						CreatedOnToolsVersion = 15.0;
						TestTargetID = 2F8249A62AE553EB0040BF74;
					};
					2F8249C92AE553EC0040BF74 = {
						CreatedOnToolsVersion = 15.0;
						TestTargetID = 2F8249A62AE553EB0040BF74;
					};
				};
			};
			buildConfigurationList = 2F8249A22AE553EB0040BF74 /* Build configuration list for PBXProject "Berita Indo CNN" */;
			compatibilityVersion = "Xcode 14.0";
			developmentRegion = en;
			hasScannedForEncodings = 0;
			knownRegions = (
				en,
				Base,
			);
			mainGroup = 2F82499E2AE553EB0040BF74;
			packageReferences = (
				2F8249EC2AE56E730040BF74 /* XCRemoteSwiftPackageReference "Alamofire" */,
				2F8249F22AE581970040BF74 /* XCRemoteSwiftPackageReference "SDWebImage" */,
			);
			productRefGroup = 2F8249A82AE553EB0040BF74 /* Products */;
			projectDirPath = "";
			projectRoot = "";
			targets = (
				2F8249A62AE553EB0040BF74 /* Berita Indo CNN */,
				2F8249BF2AE553EC0040BF74 /* Berita Indo CNNTests */,
				2F8249C92AE553EC0040BF74 /* Berita Indo CNNUITests */,
			);
		};
/* End PBXProject section */

/* Begin PBXResourcesBuildPhase section */
		2F8249A52AE553EB0040BF74 /* Resources */ = {
			isa = PBXResourcesBuildPhase;
			buildActionMask = 2147483647;
			files = (
				2F8249BA2AE553EC0040BF74 /* LaunchScreen.storyboard in Resources */,
				2F8249B72AE553EC0040BF74 /* Assets.xcassets in Resources */,
				2F8249B22AE553EB0040BF74 /* Main.storyboard in Resources */,
				2F8249E12AE5542A0040BF74 /* Home.storyboard in Resources */,
			);
			runOnlyForDeploymentPostprocessing = 0;
		};
		2F8249BE2AE553EC0040BF74 /* Resources */ = {
			isa = PBXResourcesBuildPhase;
			buildActionMask = 2147483647;
			files = (
			);
			runOnlyForDeploymentPostprocessing = 0;
		};
		2F8249C82AE553EC0040BF74 /* Resources */ = {
			isa = PBXResourcesBuildPhase;
			buildActionMask = 2147483647;
			files = (
			);
			runOnlyForDeploymentPostprocessing = 0;
		};
/* End PBXResourcesBuildPhase section */

/* Begin PBXSourcesBuildPhase section */
		2F8249A32AE553EB0040BF74 /* Sources */ = {
			isa = PBXSourcesBuildPhase;
			buildActionMask = 2147483647;
			files = (
				2F8249E32AE554380040BF74 /* HomeViewController.swift in Sources */,
				2F8249E92AE568B00040BF74 /* Image.swift in Sources */,
				2F8249AF2AE553EB0040BF74 /* ViewController.swift in Sources */,
				2F8249AB2AE553EB0040BF74 /* AppDelegate.swift in Sources */,
				2F8249B52AE553EB0040BF74 /* Berita_Indo_CNN.xcdatamodeld in Sources */,
				2F8249E72AE5685A0040BF74 /* News.swift in Sources */,
				2F8249EB2AE56DE30040BF74 /* ApiServices.swift in Sources */,
				2F8249F02AE57D0D0040BF74 /* HomeViewCell.swift in Sources */,
				2F8249AD2AE553EB0040BF74 /* SceneDelegate.swift in Sources */,
				2F8249E52AE568140040BF74 /* NewsResponse.swift in Sources */,
			);
			runOnlyForDeploymentPostprocessing = 0;
		};
		2F8249BC2AE553EC0040BF74 /* Sources */ = {
			isa = PBXSourcesBuildPhase;
			buildActionMask = 2147483647;
			files = (
				2F8249C52AE553EC0040BF74 /* Berita_Indo_CNNTests.swift in Sources */,
			);
			runOnlyForDeploymentPostprocessing = 0;
		};
		2F8249C62AE553EC0040BF74 /* Sources */ = {
			isa = PBXSourcesBuildPhase;
			buildActionMask = 2147483647;
			files = (
				2F8249CF2AE553EC0040BF74 /* Berita_Indo_CNNUITests.swift in Sources */,
				2F8249D12AE553EC0040BF74 /* Berita_Indo_CNNUITestsLaunchTests.swift in Sources */,
			);
			runOnlyForDeploymentPostprocessing = 0;
		};
/* End PBXSourcesBuildPhase section */

/* Begin PBXTargetDependency section */
		2F8249C22AE553EC0040BF74 /* PBXTargetDependency */ = {
			isa = PBXTargetDependency;
			target = 2F8249A62AE553EB0040BF74 /* Berita Indo CNN */;
			targetProxy = 2F8249C12AE553EC0040BF74 /* PBXContainerItemProxy */;
		};
		2F8249CC2AE553EC0040BF74 /* PBXTargetDependency */ = {
			isa = PBXTargetDependency;
			target = 2F8249A62AE553EB0040BF74 /* Berita Indo CNN */;
			targetProxy = 2F8249CB2AE553EC0040BF74 /* PBXContainerItemProxy */;
		};
/* End PBXTargetDependency section */

/* Begin PBXVariantGroup section */
		2F8249B02AE553EB0040BF74 /* Main.storyboard */ = {
			isa = PBXVariantGroup;
			children = (
				2F8249B12AE553EB0040BF74 /* Base */,
			);
			name = Main.storyboard;
			sourceTree = "<group>";
		};
		2F8249B82AE553EC0040BF74 /* LaunchScreen.storyboard */ = {
			isa = PBXVariantGroup;
			children = (
				2F8249B92AE553EC0040BF74 /* Base */,
			);
			name = LaunchScreen.storyboard;
			sourceTree = "<group>";
		};
/* End PBXVariantGroup section */

/* Begin XCBuildConfiguration section */
		2F8249D22AE553EC0040BF74 /* Debug */ = {
			isa = XCBuildConfiguration;
			buildSettings = {
				ALWAYS_SEARCH_USER_PATHS = NO;
				ASSETCATALOG_COMPILER_GENERATE_SWIFT_ASSET_SYMBOL_EXTENSIONS = YES;
				CLANG_ANALYZER_NONNULL = YES;
				CLANG_ANALYZER_NUMBER_OBJECT_CONVERSION = YES_AGGRESSIVE;
				CLANG_CXX_LANGUAGE_STANDARD = "gnu++20";
				CLANG_ENABLE_MODULES = YES;
				CLANG_ENABLE_OBJC_ARC = YES;
				CLANG_ENABLE_OBJC_WEAK = YES;
				CLANG_WARN_BLOCK_CAPTURE_AUTORELEASING = YES;
				CLANG_WARN_BOOL_CONVERSION = YES;
				CLANG_WARN_COMMA = YES;
				CLANG_WARN_CONSTANT_CONVERSION = YES;
				CLANG_WARN_DEPRECATED_OBJC_IMPLEMENTATIONS = YES;
				CLANG_WARN_DIRECT_OBJC_ISA_USAGE = YES_ERROR;
				CLANG_WARN_DOCUMENTATION_COMMENTS = YES;
				CLANG_WARN_EMPTY_BODY = YES;
				CLANG_WARN_ENUM_CONVERSION = YES;
				CLANG_WARN_INFINITE_RECURSION = YES;
				CLANG_WARN_INT_CONVERSION = YES;
				CLANG_WARN_NON_LITERAL_NULL_CONVERSION = YES;
				CLANG_WARN_OBJC_IMPLICIT_RETAIN_SELF = YES;
				CLANG_WARN_OBJC_LITERAL_CONVERSION = YES;
				CLANG_WARN_OBJC_ROOT_CLASS = YES_ERROR;
				CLANG_WARN_QUOTED_INCLUDE_IN_FRAMEWORK_HEADER = YES;
				CLANG_WARN_RANGE_LOOP_ANALYSIS = YES;
				CLANG_WARN_STRICT_PROTOTYPES = YES;
				CLANG_WARN_SUSPICIOUS_MOVE = YES;
				CLANG_WARN_UNGUARDED_AVAILABILITY = YES_AGGRESSIVE;
				CLANG_WARN_UNREACHABLE_CODE = YES;
				CLANG_WARN__DUPLICATE_METHOD_MATCH = YES;
				COPY_PHASE_STRIP = NO;
				DEBUG_INFORMATION_FORMAT = dwarf;
				ENABLE_STRICT_OBJC_MSGSEND = YES;
				ENABLE_TESTABILITY = YES;
				ENABLE_USER_SCRIPT_SANDBOXING = YES;
				GCC_C_LANGUAGE_STANDARD = gnu17;
				GCC_DYNAMIC_NO_PIC = NO;
				GCC_NO_COMMON_BLOCKS = YES;
				GCC_OPTIMIZATION_LEVEL = 0;
				GCC_PREPROCESSOR_DEFINITIONS = (
					"DEBUG=1",
					"$(inherited)",
				);
				GCC_WARN_64_TO_32_BIT_CONVERSION = YES;
				GCC_WARN_ABOUT_RETURN_TYPE = YES_ERROR;
				GCC_WARN_UNDECLARED_SELECTOR = YES;
				GCC_WARN_UNINITIALIZED_AUTOS = YES_AGGRESSIVE;
				GCC_WARN_UNUSED_FUNCTION = YES;
				GCC_WARN_UNUSED_VARIABLE = YES;
				IPHONEOS_DEPLOYMENT_TARGET = 17.0;
				LOCALIZATION_PREFERS_STRING_CATALOGS = YES;
				MTL_ENABLE_DEBUG_INFO = INCLUDE_SOURCE;
				MTL_FAST_MATH = YES;
				ONLY_ACTIVE_ARCH = YES;
				SDKROOT = iphoneos;
				SWIFT_ACTIVE_COMPILATION_CONDITIONS = "DEBUG $(inherited)";
				SWIFT_OPTIMIZATION_LEVEL = "-Onone";
			};
			name = Debug;
		};
		2F8249D32AE553EC0040BF74 /* Release */ = {
			isa = XCBuildConfiguration;
			buildSettings = {
				ALWAYS_SEARCH_USER_PATHS = NO;
				ASSETCATALOG_COMPILER_GENERATE_SWIFT_ASSET_SYMBOL_EXTENSIONS = YES;
				CLANG_ANALYZER_NONNULL = YES;
				CLANG_ANALYZER_NUMBER_OBJECT_CONVERSION = YES_AGGRESSIVE;
				CLANG_CXX_LANGUAGE_STANDARD = "gnu++20";
				CLANG_ENABLE_MODULES = YES;
				CLANG_ENABLE_OBJC_ARC = YES;
				CLANG_ENABLE_OBJC_WEAK = YES;
				CLANG_WARN_BLOCK_CAPTURE_AUTORELEASING = YES;
				CLANG_WARN_BOOL_CONVERSION = YES;
				CLANG_WARN_COMMA = YES;
				CLANG_WARN_CONSTANT_CONVERSION = YES;
				CLANG_WARN_DEPRECATED_OBJC_IMPLEMENTATIONS = YES;
				CLANG_WARN_DIRECT_OBJC_ISA_USAGE = YES_ERROR;
				CLANG_WARN_DOCUMENTATION_COMMENTS = YES;
				CLANG_WARN_EMPTY_BODY = YES;
				CLANG_WARN_ENUM_CONVERSION = YES;
				CLANG_WARN_INFINITE_RECURSION = YES;
				CLANG_WARN_INT_CONVERSION = YES;
				CLANG_WARN_NON_LITERAL_NULL_CONVERSION = YES;
				CLANG_WARN_OBJC_IMPLICIT_RETAIN_SELF = YES;
				CLANG_WARN_OBJC_LITERAL_CONVERSION = YES;
				CLANG_WARN_OBJC_ROOT_CLASS = YES_ERROR;
				CLANG_WARN_QUOTED_INCLUDE_IN_FRAMEWORK_HEADER = YES;
				CLANG_WARN_RANGE_LOOP_ANALYSIS = YES;
				CLANG_WARN_STRICT_PROTOTYPES = YES;
				CLANG_WARN_SUSPICIOUS_MOVE = YES;
				CLANG_WARN_UNGUARDED_AVAILABILITY = YES_AGGRESSIVE;
				CLANG_WARN_UNREACHABLE_CODE = YES;
				CLANG_WARN__DUPLICATE_METHOD_MATCH = YES;
				COPY_PHASE_STRIP = NO;
				DEBUG_INFORMATION_FORMAT = "dwarf-with-dsym";
				ENABLE_NS_ASSERTIONS = NO;
				ENABLE_STRICT_OBJC_MSGSEND = YES;
				ENABLE_USER_SCRIPT_SANDBOXING = YES;
				GCC_C_LANGUAGE_STANDARD = gnu17;
				GCC_NO_COMMON_BLOCKS = YES;
				GCC_WARN_64_TO_32_BIT_CONVERSION = YES;
				GCC_WARN_ABOUT_RETURN_TYPE = YES_ERROR;
				GCC_WARN_UNDECLARED_SELECTOR = YES;
				GCC_WARN_UNINITIALIZED_AUTOS = YES_AGGRESSIVE;
				GCC_WARN_UNUSED_FUNCTION = YES;
				GCC_WARN_UNUSED_VARIABLE = YES;
				IPHONEOS_DEPLOYMENT_TARGET = 17.0;
				LOCALIZATION_PREFERS_STRING_CATALOGS = YES;
				MTL_ENABLE_DEBUG_INFO = NO;
				MTL_FAST_MATH = YES;
				SDKROOT = iphoneos;
				SWIFT_COMPILATION_MODE = wholemodule;
				VALIDATE_PRODUCT = YES;
			};
			name = Release;
		};
		2F8249D52AE553EC0040BF74 /* Debug */ = {
			isa = XCBuildConfiguration;
			buildSettings = {
				ASSETCATALOG_COMPILER_APPICON_NAME = AppIcon;
				ASSETCATALOG_COMPILER_GLOBAL_ACCENT_COLOR_NAME = AccentColor;
				CODE_SIGN_STYLE = Automatic;
				CURRENT_PROJECT_VERSION = 1;
				DEVELOPMENT_TEAM = 36FF62UKCW;
				GENERATE_INFOPLIST_FILE = YES;
				INFOPLIST_FILE = "Berita Indo CNN/Info.plist";
				INFOPLIST_KEY_UIApplicationSupportsIndirectInputEvents = YES;
				INFOPLIST_KEY_UILaunchStoryboardName = LaunchScreen;
				INFOPLIST_KEY_UIMainStoryboardFile = Main;
				INFOPLIST_KEY_UISupportedInterfaceOrientations = UIInterfaceOrientationPortrait;
				LD_RUNPATH_SEARCH_PATHS = (
					"$(inherited)",
					"@executable_path/Frameworks",
				);
				MARKETING_VERSION = 1.0;
				PRODUCT_BUNDLE_IDENTIFIER = "com.sultan.Berita-Indo-CNN";
				PRODUCT_NAME = "$(TARGET_NAME)";
				SWIFT_EMIT_LOC_STRINGS = YES;
				SWIFT_VERSION = 5.0;
				TARGETED_DEVICE_FAMILY = "1,2";
			};
			name = Debug;
		};
		2F8249D62AE553EC0040BF74 /* Release */ = {
			isa = XCBuildConfiguration;
			buildSettings = {
				ASSETCATALOG_COMPILER_APPICON_NAME = AppIcon;
				ASSETCATALOG_COMPILER_GLOBAL_ACCENT_COLOR_NAME = AccentColor;
				CODE_SIGN_STYLE = Automatic;
				CURRENT_PROJECT_VERSION = 1;
				DEVELOPMENT_TEAM = 36FF62UKCW;
				GENERATE_INFOPLIST_FILE = YES;
				INFOPLIST_FILE = "Berita Indo CNN/Info.plist";
				INFOPLIST_KEY_UIApplicationSupportsIndirectInputEvents = YES;
				INFOPLIST_KEY_UILaunchStoryboardName = LaunchScreen;
				INFOPLIST_KEY_UIMainStoryboardFile = Main;
				INFOPLIST_KEY_UISupportedInterfaceOrientations = UIInterfaceOrientationPortrait;
				LD_RUNPATH_SEARCH_PATHS = (
					"$(inherited)",
					"@executable_path/Frameworks",
				);
				MARKETING_VERSION = 1.0;
				PRODUCT_BUNDLE_IDENTIFIER = "com.sultan.Berita-Indo-CNN";
				PRODUCT_NAME = "$(TARGET_NAME)";
				SWIFT_EMIT_LOC_STRINGS = YES;
				SWIFT_VERSION = 5.0;
				TARGETED_DEVICE_FAMILY = "1,2";
			};
			name = Release;
		};
		2F8249D82AE553EC0040BF74 /* Debug */ = {
			isa = XCBuildConfiguration;
			buildSettings = {
				ALWAYS_EMBED_SWIFT_STANDARD_LIBRARIES = YES;
				BUNDLE_LOADER = "$(TEST_HOST)";
				CODE_SIGN_STYLE = Automatic;
				CURRENT_PROJECT_VERSION = 1;
				DEVELOPMENT_TEAM = 36FF62UKCW;
				GENERATE_INFOPLIST_FILE = YES;
				IPHONEOS_DEPLOYMENT_TARGET = 17.0;
				MARKETING_VERSION = 1.0;
				PRODUCT_BUNDLE_IDENTIFIER = "com.sultan.Berita-Indo-CNNTests";
				PRODUCT_NAME = "$(TARGET_NAME)";
				SWIFT_EMIT_LOC_STRINGS = NO;
				SWIFT_VERSION = 5.0;
				TARGETED_DEVICE_FAMILY = "1,2";
				TEST_HOST = "$(BUILT_PRODUCTS_DIR)/Berita Indo CNN.app/$(BUNDLE_EXECUTABLE_FOLDER_PATH)/Berita Indo CNN";
			};
			name = Debug;
		};
		2F8249D92AE553EC0040BF74 /* Release */ = {
			isa = XCBuildConfiguration;
			buildSettings = {
				ALWAYS_EMBED_SWIFT_STANDARD_LIBRARIES = YES;
				BUNDLE_LOADER = "$(TEST_HOST)";
				CODE_SIGN_STYLE = Automatic;
				CURRENT_PROJECT_VERSION = 1;
				DEVELOPMENT_TEAM = 36FF62UKCW;
				GENERATE_INFOPLIST_FILE = YES;
				IPHONEOS_DEPLOYMENT_TARGET = 17.0;
				MARKETING_VERSION = 1.0;
				PRODUCT_BUNDLE_IDENTIFIER = "com.sultan.Berita-Indo-CNNTests";
				PRODUCT_NAME = "$(TARGET_NAME)";
				SWIFT_EMIT_LOC_STRINGS = NO;
				SWIFT_VERSION = 5.0;
				TARGETED_DEVICE_FAMILY = "1,2";
				TEST_HOST = "$(BUILT_PRODUCTS_DIR)/Berita Indo CNN.app/$(BUNDLE_EXECUTABLE_FOLDER_PATH)/Berita Indo CNN";
			};
			name = Release;
		};
		2F8249DB2AE553EC0040BF74 /* Debug */ = {
			isa = XCBuildConfiguration;
			buildSettings = {
				ALWAYS_EMBED_SWIFT_STANDARD_LIBRARIES = YES;
				CODE_SIGN_STYLE = Automatic;
				CURRENT_PROJECT_VERSION = 1;
				DEVELOPMENT_TEAM = 36FF62UKCW;
				GENERATE_INFOPLIST_FILE = YES;
				MARKETING_VERSION = 1.0;
				PRODUCT_BUNDLE_IDENTIFIER = "com.sultan.Berita-Indo-CNNUITests";
				PRODUCT_NAME = "$(TARGET_NAME)";
				SWIFT_EMIT_LOC_STRINGS = NO;
				SWIFT_VERSION = 5.0;
				TARGETED_DEVICE_FAMILY = "1,2";
				TEST_TARGET_NAME = "Berita Indo CNN";
			};
			name = Debug;
		};
		2F8249DC2AE553EC0040BF74 /* Release */ = {
			isa = XCBuildConfiguration;
			buildSettings = {
				ALWAYS_EMBED_SWIFT_STANDARD_LIBRARIES = YES;
				CODE_SIGN_STYLE = Automatic;
				CURRENT_PROJECT_VERSION = 1;
				DEVELOPMENT_TEAM = 36FF62UKCW;
				GENERATE_INFOPLIST_FILE = YES;
				MARKETING_VERSION = 1.0;
				PRODUCT_BUNDLE_IDENTIFIER = "com.sultan.Berita-Indo-CNNUITests";
				PRODUCT_NAME = "$(TARGET_NAME)";
				SWIFT_EMIT_LOC_STRINGS = NO;
				SWIFT_VERSION = 5.0;
				TARGETED_DEVICE_FAMILY = "1,2";
				TEST_TARGET_NAME = "Berita Indo CNN";
			};
			name = Release;
		};
/* End XCBuildConfiguration section */

/* Begin XCConfigurationList section */
		2F8249A22AE553EB0040BF74 /* Build configuration list for PBXProject "Berita Indo CNN" */ = {
			isa = XCConfigurationList;
			buildConfigurations = (
				2F8249D22AE553EC0040BF74 /* Debug */,
				2F8249D32AE553EC0040BF74 /* Release */,
			);
			defaultConfigurationIsVisible = 0;
			defaultConfigurationName = Release;
		};
		2F8249D42AE553EC0040BF74 /* Build configuration list for PBXNativeTarget "Berita Indo CNN" */ = {
			isa = XCConfigurationList;
			buildConfigurations = (
				2F8249D52AE553EC0040BF74 /* Debug */,
				2F8249D62AE553EC0040BF74 /* Release */,
			);
			defaultConfigurationIsVisible = 0;
			defaultConfigurationName = Release;
		};
		2F8249D72AE553EC0040BF74 /* Build configuration list for PBXNativeTarget "Berita Indo CNNTests" */ = {
			isa = XCConfigurationList;
			buildConfigurations = (
				2F8249D82AE553EC0040BF74 /* Debug */,
				2F8249D92AE553EC0040BF74 /* Release */,
			);
			defaultConfigurationIsVisible = 0;
			defaultConfigurationName = Release;
		};
		2F8249DA2AE553EC0040BF74 /* Build configuration list for PBXNativeTarget "Berita Indo CNNUITests" */ = {
			isa = XCConfigurationList;
			buildConfigurations = (
				2F8249DB2AE553EC0040BF74 /* Debug */,
				2F8249DC2AE553EC0040BF74 /* Release */,
			);
			defaultConfigurationIsVisible = 0;
			defaultConfigurationName = Release;
		};
/* End XCConfigurationList section */

/* Begin XCRemoteSwiftPackageReference section */
		2F8249EC2AE56E730040BF74 /* XCRemoteSwiftPackageReference "Alamofire" */ = {
			isa = XCRemoteSwiftPackageReference;
			repositoryURL = "https://github.com/Alamofire/Alamofire.git";
			requirement = {
				kind = upToNextMajorVersion;
				minimumVersion = 5.8.0;
			};
		};
		2F8249F22AE581970040BF74 /* XCRemoteSwiftPackageReference "SDWebImage" */ = {
			isa = XCRemoteSwiftPackageReference;
			repositoryURL = "https://github.com/SDWebImage/SDWebImage.git";
			requirement = {
				kind = upToNextMajorVersion;
				minimumVersion = 5.18.3;
			};
		};
/* End XCRemoteSwiftPackageReference section */

/* Begin XCSwiftPackageProductDependency section */
		2F8249ED2AE56E730040BF74 /* Alamofire */ = {
			isa = XCSwiftPackageProductDependency;
			package = 2F8249EC2AE56E730040BF74 /* XCRemoteSwiftPackageReference "Alamofire" */;
			productName = Alamofire;
		};
		2F8249F32AE581970040BF74 /* SDWebImage */ = {
			isa = XCSwiftPackageProductDependency;
			package = 2F8249F22AE581970040BF74 /* XCRemoteSwiftPackageReference "SDWebImage" */;
			productName = SDWebImage;
		};
		2F8249F52AE581970040BF74 /* SDWebImageMapKit */ = {
			isa = XCSwiftPackageProductDependency;
			package = 2F8249F22AE581970040BF74 /* XCRemoteSwiftPackageReference "SDWebImage" */;
			productName = SDWebImageMapKit;
		};
/* End XCSwiftPackageProductDependency section */

/* Begin XCVersionGroup section */
		2F8249B32AE553EB0040BF74 /* Berita_Indo_CNN.xcdatamodeld */ = {
			isa = XCVersionGroup;
			children = (
				2F8249B42AE553EB0040BF74 /* Berita_Indo_CNN.xcdatamodel */,
			);
			currentVersion = 2F8249B42AE553EB0040BF74 /* Berita_Indo_CNN.xcdatamodel */;
			path = Berita_Indo_CNN.xcdatamodeld;
			sourceTree = "<group>";
			versionGroupType = wrapper.xcdatamodel;
		};
/* End XCVersionGroup section */
	};
	rootObject = 2F82499F2AE553EB0040BF74 /* Project object */;
}
